# THIS IS AN AUTOGENERATED FILE. DO NOT EDIT THIS FILE DIRECTLY.
# yarn lockfile v1


"@types/babel-types@*", "@types/babel-types@^7.0.0":
  version "7.0.6"
  resolved "https://registry.npmjs.org/@types/babel-types/-/babel-types-7.0.6.tgz"

"@types/babylon@^6.16.2":
  version "6.16.5"
  resolved "https://registry.npmjs.org/@types/babylon/-/babylon-6.16.5.tgz"
  dependencies:
    "@types/babel-types" "*"

accepts@~1.3.8:
  version "1.3.8"
  resolved "https://registry.yarnpkg.com/accepts/-/accepts-1.3.8.tgz#0bf0be125b67014adcb0b0921e62db7bffe16b2e"
  dependencies:
    mime-types "~2.1.34"
    negotiator "0.6.3"

acorn-globals@^3.0.0:
  version "3.1.0"
  resolved "https://registry.npmjs.org/acorn-globals/-/acorn-globals-3.1.0.tgz"
  dependencies:
    acorn "^4.0.4"

acorn@^3.1.0:
  version "3.3.0"
  resolved "https://registry.npmjs.org/acorn/-/acorn-3.3.0.tgz"

acorn@^4.0.4, acorn@~4.0.2:
  version "4.0.13"
  resolved "https://registry.npmjs.org/acorn/-/acorn-4.0.13.tgz"

agent-base@^4.3.0:
  version "4.3.0"
  resolved "https://registry.npmjs.org/agent-base/-/agent-base-4.3.0.tgz"
  dependencies:
    es6-promisify "^5.0.0"

align-text@^0.1.1, align-text@^0.1.3:
  version "0.1.4"
  resolved "https://registry.npmjs.org/align-text/-/align-text-0.1.4.tgz"
  dependencies:
    kind-of "^3.0.2"
    longest "^1.0.1"
    repeat-string "^1.5.2"

ansi-styles@^3.0.0:
  version "3.2.1"
  resolved "https://registry.npmjs.org/ansi-styles/-/ansi-styles-3.2.1.tgz"
  dependencies:
    color-convert "^1.9.0"

ansy@^1.0.0:
  version "1.0.15"
  resolved "https://registry.npmjs.org/ansy/-/ansy-1.0.15.tgz"
  dependencies:
    ansi-styles "^3.0.0"
    custom-return "^1.0.0"
    supports-color "^3.1.2"
    ul "^5.2.1"

array-flatten@1.1.1:
  version "1.1.1"
  resolved "https://registry.npmjs.org/array-flatten/-/array-flatten-1.1.1.tgz"

array-parallel@~0.1.3:
  version "0.1.3"
  resolved "https://registry.npmjs.org/array-parallel/-/array-parallel-0.1.3.tgz"

array-series@~0.1.5:
  version "0.1.5"
  resolved "https://registry.npmjs.org/array-series/-/array-series-0.1.5.tgz"

asap@~2.0.3:
  version "2.0.6"
  resolved "https://registry.npmjs.org/asap/-/asap-2.0.6.tgz"

asciify-pixel-matrix@^1.0.0:
  version "1.0.14"
  resolved "https://registry.npmjs.org/asciify-pixel-matrix/-/asciify-pixel-matrix-1.0.14.tgz"
  dependencies:
    asciify-pixel "^1.0.0"
    ul "^5.2.1"

asciify-pixel@^1.0.0:
  version "1.2.14"
  resolved "https://registry.npmjs.org/asciify-pixel/-/asciify-pixel-1.2.14.tgz"
  dependencies:
    couleurs "^6.0.0"
    deffy "^2.2.1"
    pixel-bg "^1.0.0"
    pixel-class "^1.0.0"
    pixel-white-bg "^1.0.0"
    ul "^5.2.1"

assured@^1.0.12:
  version "1.0.15"
  resolved "https://registry.npmjs.org/assured/-/assured-1.0.15.tgz"
  dependencies:
    noop6 "^1.0.1"
    sliced "^1.0.1"

async-limiter@~1.0.0:
  version "1.0.1"
  resolved "https://registry.npmjs.org/async-limiter/-/async-limiter-1.0.1.tgz"

babel-runtime@^6.26.0:
  version "6.26.0"
  resolved "https://registry.npmjs.org/babel-runtime/-/babel-runtime-6.26.0.tgz"
  dependencies:
    core-js "^2.4.0"
    regenerator-runtime "^0.11.0"

babel-types@^6.26.0:
  version "6.26.0"
  resolved "https://registry.npmjs.org/babel-types/-/babel-types-6.26.0.tgz"
  dependencies:
    babel-runtime "^6.26.0"
    esutils "^2.0.2"
    lodash "^4.17.4"
    to-fast-properties "^1.0.3"

babylon@^6.18.0:
  version "6.18.0"
  resolved "https://registry.npmjs.org/babylon/-/babylon-6.18.0.tgz"

balanced-match@^1.0.0:
  version "1.0.0"
  resolved "https://registry.npmjs.org/balanced-match/-/balanced-match-1.0.0.tgz"

body-parser@1.20.1, body-parser@^1.20.1:
  version "1.20.1"
  resolved "https://registry.yarnpkg.com/body-parser/-/body-parser-1.20.1.tgz#b1812a8912c195cd371a3ee5e66faa2338a5c668"
  dependencies:
    bytes "3.1.2"
    content-type "~1.0.4"
    debug "2.6.9"
    depd "2.0.0"
    destroy "1.2.0"
    http-errors "2.0.0"
    iconv-lite "0.4.24"
    on-finished "2.4.1"
    qs "6.11.0"
    raw-body "2.5.1"
    type-is "~1.6.18"
    unpipe "1.0.0"

brace-expansion@^1.1.7:
  version "1.1.11"
  resolved "https://registry.npmjs.org/brace-expansion/-/brace-expansion-1.1.11.tgz"
  dependencies:
    balanced-match "^1.0.0"
    concat-map "0.0.1"

buffer-from@^1.0.0:
  version "1.1.1"
  resolved "https://registry.npmjs.org/buffer-from/-/buffer-from-1.1.1.tgz"

bytes@3.1.2:
  version "3.1.2"
  resolved "https://registry.yarnpkg.com/bytes/-/bytes-3.1.2.tgz#8b0beeb98605adf1b128fa4386403c009e0221a5"

call-bind@^1.0.0:
  version "1.0.2"
  resolved "https://registry.yarnpkg.com/call-bind/-/call-bind-1.0.2.tgz#b1d4e89e688119c3c9a903ad30abb2f6a919be3c"
  dependencies:
    function-bind "^1.1.1"
    get-intrinsic "^1.0.2"

camelcase@^1.0.2:
  version "1.2.1"
  resolved "https://registry.npmjs.org/camelcase/-/camelcase-1.2.1.tgz"

cb-buffer@^2.0.0:
  version "2.1.9"
  resolved "https://registry.npmjs.org/cb-buffer/-/cb-buffer-2.1.9.tgz"

center-align@^0.1.1:
  version "0.1.3"
  resolved "https://registry.npmjs.org/center-align/-/center-align-0.1.3.tgz"
  dependencies:
    align-text "^0.1.3"
    lazy-cache "^1.0.3"

character-parser@^2.1.1:
  version "2.2.0"
  resolved "https://registry.npmjs.org/character-parser/-/character-parser-2.2.0.tgz"
  dependencies:
    is-regex "^1.0.3"

chrome-aws-lambda@1.18.1:
  version "1.18.1"
  resolved "https://registry.npmjs.org/chrome-aws-lambda/-/chrome-aws-lambda-1.18.1.tgz"

clean-css@^4.1.11:
  version "4.2.1"
  resolved "https://registry.npmjs.org/clean-css/-/clean-css-4.2.1.tgz"
  dependencies:
    source-map "~0.6.0"

cliui@^2.1.0:
  version "2.1.0"
  resolved "https://registry.npmjs.org/cliui/-/cliui-2.1.0.tgz"
  dependencies:
    center-align "^0.1.1"
    right-align "^0.1.1"
    wordwrap "0.0.2"

color-convert@^1.0.0, color-convert@^1.9.0:
  version "1.9.3"
  resolved "https://registry.npmjs.org/color-convert/-/color-convert-1.9.3.tgz"
  dependencies:
    color-name "1.1.3"

color-name@1.1.3:
  version "1.1.3"
  resolved "https://registry.npmjs.org/color-name/-/color-name-1.1.3.tgz"

compute-size@^1.0.1:
  version "1.0.13"
  resolved "https://registry.npmjs.org/compute-size/-/compute-size-1.0.13.tgz"
  dependencies:
    fixed-or-percent "^1.0.0"
    map-o "^2.0.1"
    ul "^5.2.1"

concat-map@0.0.1:
  version "0.0.1"
  resolved "https://registry.npmjs.org/concat-map/-/concat-map-0.0.1.tgz"

concat-stream@1.6.2:
  version "1.6.2"
  resolved "https://registry.npmjs.org/concat-stream/-/concat-stream-1.6.2.tgz"
  dependencies:
    buffer-from "^1.0.0"
    inherits "^2.0.3"
    readable-stream "^2.2.2"
    typedarray "^0.0.6"

constantinople@^3.0.1:
  version "3.1.2"
  resolved "https://registry.npmjs.org/constantinople/-/constantinople-3.1.2.tgz"
  dependencies:
    "@types/babel-types" "^7.0.0"
    "@types/babylon" "^6.16.2"
    babel-types "^6.26.0"
    babylon "^6.18.0"

content-disposition@0.5.4:
  version "0.5.4"
  resolved "https://registry.yarnpkg.com/content-disposition/-/content-disposition-0.5.4.tgz#8b82b4efac82512a02bb0b1dcec9d2c5e8eb5bfe"
  dependencies:
    safe-buffer "5.2.1"

content-type@~1.0.4:
  version "1.0.4"
  resolved "https://registry.npmjs.org/content-type/-/content-type-1.0.4.tgz"

cookie-signature@1.0.6:
  version "1.0.6"
  resolved "https://registry.npmjs.org/cookie-signature/-/cookie-signature-1.0.6.tgz"

cookie@0.5.0:
  version "0.5.0"
  resolved "https://registry.yarnpkg.com/cookie/-/cookie-0.5.0.tgz#d1f5d71adec6558c58f389987c366aa47e994f8b"

core-js@^2.4.0:
  version "2.6.5"
  resolved "https://registry.npmjs.org/core-js/-/core-js-2.6.5.tgz"

core-util-is@~1.0.0:
  version "1.0.2"
  resolved "https://registry.npmjs.org/core-util-is/-/core-util-is-1.0.2.tgz"

cors@^2.8.5:
  version "2.8.5"
  resolved "https://registry.npmjs.org/cors/-/cors-2.8.5.tgz"
  dependencies:
    object-assign "^4"
    vary "^1"

couleurs@^6.0.0:
  version "6.0.11"
  resolved "https://registry.npmjs.org/couleurs/-/couleurs-6.0.11.tgz"
  dependencies:
    ansy "^1.0.0"
    color-convert "^1.0.0"
    iterate-object "^1.3.1"
    typpy "^2.3.1"

cross-spawn@^4.0.0:
  version "4.0.2"
  resolved "https://registry.npmjs.org/cross-spawn/-/cross-spawn-4.0.2.tgz"
  dependencies:
    lru-cache "^4.0.1"
    which "^1.2.9"

custom-return@^1.0.0:
  version "1.0.12"
  resolved "https://registry.npmjs.org/custom-return/-/custom-return-1.0.12.tgz"
  dependencies:
    noop6 "^1.0.0"

debug@2.6.9:
  version "2.6.9"
  resolved "https://registry.npmjs.org/debug/-/debug-2.6.9.tgz"
  dependencies:
    ms "2.0.0"

debug@^3.1.0:
  version "3.2.7"
  resolved "https://registry.npmjs.org/debug/-/debug-3.2.7.tgz"
  dependencies:
    ms "^2.1.1"

debug@^4.1.0:
  version "4.1.1"
  resolved "https://registry.npmjs.org/debug/-/debug-4.1.1.tgz"
  dependencies:
    ms "^2.1.1"

decamelize@^1.0.0:
  version "1.2.0"
  resolved "https://registry.npmjs.org/decamelize/-/decamelize-1.2.0.tgz"

deffy@2.0.0:
  version "2.0.0"
  resolved "https://registry.npmjs.org/deffy/-/deffy-2.0.0.tgz"
  dependencies:
    typpy "^2.0.0"

deffy@^2.2.1, deffy@^2.2.2:
  version "2.2.4"
  resolved "https://registry.npmjs.org/deffy/-/deffy-2.2.4.tgz"
  dependencies:
    typpy "^2.0.0"

depd@2.0.0:
  version "2.0.0"
  resolved "https://registry.yarnpkg.com/depd/-/depd-2.0.0.tgz#b696163cc757560d09cf22cc8fad1571b79e76df"

desandro-matches-selector@^2.0.0:
  version "2.0.2"
  resolved "https://registry.npmjs.org/desandro-matches-selector/-/desandro-matches-selector-2.0.2.tgz"

destroy@1.2.0:
  version "1.2.0"
  resolved "https://registry.yarnpkg.com/destroy/-/destroy-1.2.0.tgz#4803735509ad8be552934c67df614f94e66fa015"

doctypes@^1.1.0:
  version "1.1.0"
  resolved "https://registry.npmjs.org/doctypes/-/doctypes-1.1.0.tgz"

ee-first@1.1.1:
  version "1.1.1"
  resolved "https://registry.npmjs.org/ee-first/-/ee-first-1.1.1.tgz"

encodeurl@~1.0.2:
  version "1.0.2"
  resolved "https://registry.npmjs.org/encodeurl/-/encodeurl-1.0.2.tgz"

err@^1.1.1:
  version "1.1.1"
  resolved "https://registry.npmjs.org/err/-/err-1.1.1.tgz"
  dependencies:
    typpy "^2.2.0"

es6-promise@^4.0.3:
  version "4.2.8"
  resolved "https://registry.npmjs.org/es6-promise/-/es6-promise-4.2.8.tgz"

es6-promisify@^5.0.0:
  version "5.0.0"
  resolved "https://registry.npmjs.org/es6-promisify/-/es6-promisify-5.0.0.tgz"
  dependencies:
    es6-promise "^4.0.3"

escape-html@~1.0.3:
  version "1.0.3"
  resolved "https://registry.npmjs.org/escape-html/-/escape-html-1.0.3.tgz"

esutils@^2.0.2:
  version "2.0.2"
  resolved "https://registry.npmjs.org/esutils/-/esutils-2.0.2.tgz"

etag@~1.8.1:
  version "1.8.1"
  resolved "https://registry.npmjs.org/etag/-/etag-1.8.1.tgz"

ev-emitter@^1.0.0:
  version "1.1.1"
  resolved "https://registry.npmjs.org/ev-emitter/-/ev-emitter-1.1.1.tgz"

eventie@^1.0.6:
  version "1.0.6"
  resolved "https://registry.npmjs.org/eventie/-/eventie-1.0.6.tgz"

express-recaptcha@^4.1.1:
  version "4.1.1"
  resolved "https://registry.npmjs.org/express-recaptcha/-/express-recaptcha-4.1.1.tgz"

express-validator@^5.3.1:
  version "5.3.1"
  resolved "https://registry.npmjs.org/express-validator/-/express-validator-5.3.1.tgz"
  dependencies:
    lodash "^4.17.10"
    validator "^10.4.0"

express@^4.18.2:
  version "4.18.2"
  resolved "https://registry.yarnpkg.com/express/-/express-4.18.2.tgz#3fabe08296e930c796c19e3c516979386ba9fd59"
  dependencies:
    accepts "~1.3.8"
    array-flatten "1.1.1"
    body-parser "1.20.1"
    content-disposition "0.5.4"
    content-type "~1.0.4"
    cookie "0.5.0"
    cookie-signature "1.0.6"
    debug "2.6.9"
    depd "2.0.0"
    encodeurl "~1.0.2"
    escape-html "~1.0.3"
    etag "~1.8.1"
    finalhandler "1.2.0"
    fresh "0.5.2"
    http-errors "2.0.0"
    merge-descriptors "1.0.1"
    methods "~1.1.2"
    on-finished "2.4.1"
    parseurl "~1.3.3"
    path-to-regexp "0.1.7"
    proxy-addr "~2.0.7"
    qs "6.11.0"
    range-parser "~1.2.1"
    safe-buffer "5.2.1"
    send "0.18.0"
    serve-static "1.15.0"
    setprototypeof "1.2.0"
    statuses "2.0.1"
    type-is "~1.6.18"
    utils-merge "1.0.1"
    vary "~1.1.2"

extract-zip@^1.6.6:
  version "1.6.7"
  resolved "https://registry.npmjs.org/extract-zip/-/extract-zip-1.6.7.tgz"
  dependencies:
    concat-stream "1.6.2"
    debug "2.6.9"
    mkdirp "0.5.1"
    yauzl "2.4.1"

fd-slicer@~1.0.1:
  version "1.0.1"
  resolved "https://registry.npmjs.org/fd-slicer/-/fd-slicer-1.0.1.tgz"
  dependencies:
    pend "~1.2.0"

finalhandler@1.2.0:
  version "1.2.0"
  resolved "https://registry.yarnpkg.com/finalhandler/-/finalhandler-1.2.0.tgz#7d23fe5731b207b4640e4fcd00aec1f9207a7b32"
  dependencies:
    debug "2.6.9"
    encodeurl "~1.0.2"
    escape-html "~1.0.3"
    on-finished "2.4.1"
    parseurl "~1.3.3"
    statuses "2.0.1"
    unpipe "~1.0.0"

fixed-or-percent@^1.0.0:
  version "1.0.12"
  resolved "https://registry.npmjs.org/fixed-or-percent/-/fixed-or-percent-1.0.12.tgz"
  dependencies:
    is-percent "^1.0.1"
    percent-value "^1.0.0"

fizzy-ui-utils@^2.0.0:
  version "2.0.7"
  resolved "https://registry.npmjs.org/fizzy-ui-utils/-/fizzy-ui-utils-2.0.7.tgz"
  dependencies:
    desandro-matches-selector "^2.0.0"

follow-redirects@^1.4.1:
  version "1.14.1"
  resolved "https://registry.npmjs.org/follow-redirects/-/follow-redirects-1.14.1.tgz"

forwarded@0.2.0:
  version "0.2.0"
  resolved "https://registry.yarnpkg.com/forwarded/-/forwarded-0.2.0.tgz#2269936428aad4c15c7ebe9779a84bf0b2a81811"

fresh@0.5.2:
  version "0.5.2"
  resolved "https://registry.npmjs.org/fresh/-/fresh-0.5.2.tgz"

fs.realpath@^1.0.0:
  version "1.0.0"
  resolved "https://registry.npmjs.org/fs.realpath/-/fs.realpath-1.0.0.tgz"

function-bind@^1.1.1:
  version "1.1.1"
  resolved "https://registry.npmjs.org/function-bind/-/function-bind-1.1.1.tgz"

function.name@^1.0.3:
  version "1.0.13"
  resolved "https://registry.npmjs.org/function.name/-/function.name-1.0.13.tgz"
  dependencies:
    noop6 "^1.0.1"

get-intrinsic@^1.0.2:
  version "1.1.3"
  resolved "https://registry.yarnpkg.com/get-intrinsic/-/get-intrinsic-1.1.3.tgz#063c84329ad93e83893c7f4f243ef63ffa351385"
  dependencies:
    function-bind "^1.1.1"
    has "^1.0.3"
    has-symbols "^1.0.3"

get-size@^2.0.2:
  version "2.0.3"
  resolved "https://registry.npmjs.org/get-size/-/get-size-2.0.3.tgz"

glob@^7.1.3:
  version "7.1.4"
  resolved "https://registry.npmjs.org/glob/-/glob-7.1.4.tgz"
  dependencies:
    fs.realpath "^1.0.0"
    inflight "^1.0.4"
    inherits "2"
    minimatch "^3.0.4"
    once "^1.3.0"
    path-is-absolute "^1.0.0"

gm-installed@^1.0.0:
  version "1.0.10"
  resolved "https://registry.npmjs.org/gm-installed/-/gm-installed-1.0.10.tgz"
  dependencies:
    prgm-installed "^1.0.1"

gm-tools@^1.0.0:
  version "1.0.12"
  resolved "https://registry.npmjs.org/gm-tools/-/gm-tools-1.0.12.tgz"
  dependencies:
    gm "^1.23.1"
    iterate-object "^1.3.1"
    pixel-class "^1.0.0"
    pngjs "^2.2.0"
    same-time "^2.3.1"

gm@^1.23.1:
  version "1.23.1"
  resolved "https://registry.npmjs.org/gm/-/gm-1.23.1.tgz"
  dependencies:
    array-parallel "~0.1.3"
    array-series "~0.1.5"
    cross-spawn "^4.0.0"
    debug "^3.1.0"

has-flag@^1.0.0:
  version "1.0.0"
  resolved "https://registry.npmjs.org/has-flag/-/has-flag-1.0.0.tgz"

has-symbols@^1.0.3:
  version "1.0.3"
  resolved "https://registry.yarnpkg.com/has-symbols/-/has-symbols-1.0.3.tgz#bb7b2c4349251dce87b125f7bdf874aa7c8b39f8"

has@^1.0.1, has@^1.0.3:
  version "1.0.3"
  resolved "https://registry.yarnpkg.com/has/-/has-1.0.3.tgz#722d7cbfc1f6aa8241f16dd814e011e1f41e8796"
  dependencies:
    function-bind "^1.1.1"

http-errors@2.0.0:
  version "2.0.0"
  resolved "https://registry.yarnpkg.com/http-errors/-/http-errors-2.0.0.tgz#b7774a1486ef73cf7667ac9ae0858c012c57b9d3"
  dependencies:
    depd "2.0.0"
    inherits "2.0.4"
    setprototypeof "1.2.0"
    statuses "2.0.1"
    toidentifier "1.0.1"

https-proxy-agent@^2.2.1:
  version "2.2.2"
  resolved "https://registry.npmjs.org/https-proxy-agent/-/https-proxy-agent-2.2.2.tgz"
  dependencies:
    agent-base "^4.3.0"
    debug "^3.1.0"

iconv-lite@0.4.24:
  version "0.4.24"
  resolved "https://registry.yarnpkg.com/iconv-lite/-/iconv-lite-0.4.24.tgz#2022b4b25fbddc21d2f524974a474aafe733908b"
  dependencies:
    safer-buffer ">= 2.1.2 < 3"

image-parser@^1.0.0:
  version "1.2.8"
  resolved "https://registry.npmjs.org/image-parser/-/image-parser-1.2.8.tgz"
  dependencies:
    cb-buffer "^2.0.0"
    err "^1.1.1"
    gm-tools "^1.0.0"
    lwipify "^2.0.0"
    noop6 "^1.0.4"
    pixel-class "^1.0.0"

image-to-ascii@^3.0.13:
  version "3.0.13"
  resolved "https://registry.npmjs.org/image-to-ascii/-/image-to-ascii-3.0.13.tgz"
  dependencies:
    asciify-pixel-matrix "^1.0.0"
    compute-size "^1.0.1"
    image-parser "^1.0.0"
    imgpx "^1.0.2"
    one-by-one "^3.1.0"
    terminal-char-width "^1.0.0"
    ul "^5.2.1"

imgpx@^1.0.2:
  version "1.0.13"
  resolved "https://registry.npmjs.org/imgpx/-/imgpx-1.0.13.tgz"
  dependencies:
    lwip-pixels "^1.0.0"
    lwipify "^2.0.0"

inflight@^1.0.4:
  version "1.0.6"
  resolved "https://registry.npmjs.org/inflight/-/inflight-1.0.6.tgz"
  dependencies:
    once "^1.3.0"
    wrappy "1"

inherits@2, inherits@^2.0.3, inherits@~2.0.3:
  version "2.0.3"
  resolved "https://registry.npmjs.org/inherits/-/inherits-2.0.3.tgz"

inherits@2.0.4:
  version "2.0.4"
  resolved "https://registry.yarnpkg.com/inherits/-/inherits-2.0.4.tgz#0fa2c64f932917c3433a0ded55363aae37416b7c"

ipaddr.js@1.9.1:
  version "1.9.1"
  resolved "https://registry.yarnpkg.com/ipaddr.js/-/ipaddr.js-1.9.1.tgz#bff38543eeb8984825079ff3a2a8e6cbd46781b3"

is-buffer@^1.1.5:
  version "1.1.6"
  resolved "https://registry.npmjs.org/is-buffer/-/is-buffer-1.1.6.tgz"

is-expression@^3.0.0:
  version "3.0.0"
  resolved "https://registry.npmjs.org/is-expression/-/is-expression-3.0.0.tgz"
  dependencies:
    acorn "~4.0.2"
    object-assign "^4.0.1"

is-percent@^1.0.1:
  version "1.0.12"
  resolved "https://registry.npmjs.org/is-percent/-/is-percent-1.0.12.tgz"
  dependencies:
    last-char "^1.3.1"

is-promise@^2.0.0:
  version "2.1.0"
  resolved "https://registry.npmjs.org/is-promise/-/is-promise-2.1.0.tgz"

is-regex@^1.0.3:
  version "1.0.4"
  resolved "https://registry.npmjs.org/is-regex/-/is-regex-1.0.4.tgz"
  dependencies:
    has "^1.0.1"

is-ssh@^1.3.0:
  version "1.3.3"
  resolved "https://registry.npmjs.org/is-ssh/-/is-ssh-1.3.3.tgz"
  dependencies:
    protocols "^1.1.0"

is-windows@^0.1.1:
  version "0.1.1"
  resolved "https://registry.npmjs.org/is-windows/-/is-windows-0.1.1.tgz"

isarray@~1.0.0:
  version "1.0.0"
  resolved "https://registry.npmjs.org/isarray/-/isarray-1.0.0.tgz"

isexe@^2.0.0:
  version "2.0.0"
  resolved "https://registry.npmjs.org/isexe/-/isexe-2.0.0.tgz"

iterate-object@^1.3.0, iterate-object@^1.3.1:
  version "1.3.4"
  resolved "https://registry.npmjs.org/iterate-object/-/iterate-object-1.3.4.tgz"

jquery@^3.4.0:
  version "3.4.0"
  resolved "https://registry.npmjs.org/jquery/-/jquery-3.4.0.tgz"

js-stringify@^1.0.1:
  version "1.0.2"
  resolved "https://registry.npmjs.org/js-stringify/-/js-stringify-1.0.2.tgz"

jstransformer@1.0.0:
  version "1.0.0"
  resolved "https://registry.npmjs.org/jstransformer/-/jstransformer-1.0.0.tgz"
  dependencies:
    is-promise "^2.0.0"
    promise "^7.0.1"

kind-of@^3.0.2:
  version "3.2.2"
  resolved "https://registry.npmjs.org/kind-of/-/kind-of-3.2.2.tgz"
  dependencies:
    is-buffer "^1.1.5"

last-char@^1.3.1:
  version "1.3.11"
  resolved "https://registry.npmjs.org/last-char/-/last-char-1.3.11.tgz"

lazy-cache@^1.0.3:
  version "1.0.4"
  resolved "https://registry.npmjs.org/lazy-cache/-/lazy-cache-1.0.4.tgz"

lodash@^4.17.10, lodash@^4.17.4:
  version "4.17.11"
  resolved "https://registry.npmjs.org/lodash/-/lodash-4.17.11.tgz"

longest@^1.0.1:
  version "1.0.1"
  resolved "https://registry.npmjs.org/longest/-/longest-1.0.1.tgz"

lru-cache@^4.0.1:
  version "4.1.5"
  resolved "https://registry.npmjs.org/lru-cache/-/lru-cache-4.1.5.tgz"
  dependencies:
    pseudomap "^1.0.2"
    yallist "^2.1.2"

lwip-pixels@^1.0.0:
  version "1.1.10"
  resolved "https://registry.npmjs.org/lwip-pixels/-/lwip-pixels-1.1.10.tgz"
  dependencies:
    pixel-class "^1.0.0"

lwip2@^1.0.0:
  version "1.0.15"
  resolved "https://registry.npmjs.org/lwip2/-/lwip2-1.0.15.tgz"
  dependencies:
    err "^1.1.1"
    gm-installed "^1.0.0"

lwipify@^2.0.0:
  version "2.0.13"
  resolved "https://registry.npmjs.org/lwipify/-/lwipify-2.0.13.tgz"
  dependencies:
    lwip2 "^1.0.0"
    noop6 "^1.0.1"
    tinyreq "^3.1.4"
    url-remote "^1.1.0"

map-o@^2.0.1:
  version "2.0.10"
  resolved "https://registry.npmjs.org/map-o/-/map-o-2.0.10.tgz"
  dependencies:
    iterate-object "^1.3.0"

masonry-layout@^4.2.2:
  version "4.2.2"
  resolved "https://registry.npmjs.org/masonry-layout/-/masonry-layout-4.2.2.tgz"
  dependencies:
    get-size "^2.0.2"
    outlayer "^2.1.0"

media-typer@0.3.0:
  version "0.3.0"
  resolved "https://registry.npmjs.org/media-typer/-/media-typer-0.3.0.tgz"

merge-descriptors@1.0.1:
  version "1.0.1"
  resolved "https://registry.npmjs.org/merge-descriptors/-/merge-descriptors-1.0.1.tgz"

methods@~1.1.2:
  version "1.1.2"
  resolved "https://registry.npmjs.org/methods/-/methods-1.1.2.tgz"

mime-db@1.52.0:
  version "1.52.0"
  resolved "https://registry.yarnpkg.com/mime-db/-/mime-db-1.52.0.tgz#bbabcdc02859f4987301c856e3387ce5ec43bf70"

mime-types@~2.1.24, mime-types@~2.1.34:
  version "2.1.35"
  resolved "https://registry.yarnpkg.com/mime-types/-/mime-types-2.1.35.tgz#381a871b62a734450660ae3deee44813f70d959a"
  dependencies:
    mime-db "1.52.0"

mime@1.6.0:
  version "1.6.0"
  resolved "https://registry.yarnpkg.com/mime/-/mime-1.6.0.tgz#32cd9e5c64553bd58d19a568af452acff04981b1"

mime@^2.0.3:
  version "2.4.4"
  resolved "https://registry.npmjs.org/mime/-/mime-2.4.4.tgz"

minimatch@^3.0.4:
  version "3.0.4"
  resolved "https://registry.npmjs.org/minimatch/-/minimatch-3.0.4.tgz"
  dependencies:
    brace-expansion "^1.1.7"

minimist@0.0.8:
  version "0.0.8"
  resolved "https://registry.npmjs.org/minimist/-/minimist-0.0.8.tgz"

mkdirp@0.5.1:
  version "0.5.1"
  resolved "https://registry.npmjs.org/mkdirp/-/mkdirp-0.5.1.tgz"
  dependencies:
    minimist "0.0.8"

ms@2.0.0:
  version "2.0.0"
  resolved "https://registry.npmjs.org/ms/-/ms-2.0.0.tgz"

ms@2.1.3, ms@^2.1.1:
  version "2.1.3"
  resolved "https://registry.yarnpkg.com/ms/-/ms-2.1.3.tgz#574c8138ce1d2b5861f0b44579dbadd60c6615b2"

negotiator@0.6.3:
  version "0.6.3"
  resolved "https://registry.yarnpkg.com/negotiator/-/negotiator-0.6.3.tgz#58e323a72fedc0d6f9cd4d31fe49f51479590ccd"

noop6@^1.0.0, noop6@^1.0.1, noop6@^1.0.4, noop6@^1.0.7:
  version "1.0.9"
  resolved "https://registry.npmjs.org/noop6/-/noop6-1.0.9.tgz"

obj-def@^1.0.0:
  version "1.0.9"
  resolved "https://registry.npmjs.org/obj-def/-/obj-def-1.0.9.tgz"
  dependencies:
    deffy "^2.2.2"

object-assign@^4, object-assign@^4.0.1, object-assign@^4.1.0:
  version "4.1.1"
  resolved "https://registry.npmjs.org/object-assign/-/object-assign-4.1.1.tgz"

object-inspect@^1.9.0:
  version "1.12.2"
  resolved "https://registry.yarnpkg.com/object-inspect/-/object-inspect-1.12.2.tgz#c0641f26394532f28ab8d796ab954e43c009a8ea"

on-finished@2.4.1:
  version "2.4.1"
  resolved "https://registry.yarnpkg.com/on-finished/-/on-finished-2.4.1.tgz#58c8c44116e54845ad57f14ab10b03533184ac3f"
  dependencies:
    ee-first "1.1.1"

once@^1.3.0:
  version "1.4.0"
  resolved "https://registry.npmjs.org/once/-/once-1.4.0.tgz"
  dependencies:
    wrappy "1"

one-by-one@^3.1.0:
  version "3.2.8"
  resolved "https://registry.npmjs.org/one-by-one/-/one-by-one-3.2.8.tgz"
  dependencies:
    obj-def "^1.0.0"
    sliced "^1.0.1"

outlayer@^2.1.0:
  version "2.1.1"
  resolved "https://registry.npmjs.org/outlayer/-/outlayer-2.1.1.tgz"
  dependencies:
    ev-emitter "^1.0.0"
    fizzy-ui-utils "^2.0.0"
    get-size "^2.0.2"

parse-url@^1.3.0:
  version "1.3.11"
  resolved "https://registry.npmjs.org/parse-url/-/parse-url-1.3.11.tgz"
  dependencies:
    is-ssh "^1.3.0"
    protocols "^1.4.0"

parseurl@~1.3.3:
  version "1.3.3"
  resolved "https://registry.yarnpkg.com/parseurl/-/parseurl-1.3.3.tgz#9da19e7bee8d12dff0513ed5b76957793bc2e8d4"

path-is-absolute@^1.0.0:
  version "1.0.1"
  resolved "https://registry.npmjs.org/path-is-absolute/-/path-is-absolute-1.0.1.tgz"

path-parse@^1.0.6:
  version "1.0.6"
  resolved "https://registry.npmjs.org/path-parse/-/path-parse-1.0.6.tgz"

path-to-regexp@0.1.7:
  version "0.1.7"
  resolved "https://registry.npmjs.org/path-to-regexp/-/path-to-regexp-0.1.7.tgz"

pend@~1.2.0:
  version "1.2.0"
  resolved "https://registry.npmjs.org/pend/-/pend-1.2.0.tgz"

percent-value@^1.0.0:
  version "1.0.9"
  resolved "https://registry.npmjs.org/percent-value/-/percent-value-1.0.9.tgz"

pixel-bg@^1.0.0:
  version "1.0.10"
  resolved "https://registry.npmjs.org/pixel-bg/-/pixel-bg-1.0.10.tgz"
  dependencies:
    pixel-class "^1.0.0"

pixel-class@^1.0.0:
  version "1.0.9"
  resolved "https://registry.npmjs.org/pixel-class/-/pixel-class-1.0.9.tgz"
  dependencies:
    deffy "^2.2.1"

pixel-white-bg@^1.0.0:
  version "1.0.9"
  resolved "https://registry.npmjs.org/pixel-white-bg/-/pixel-white-bg-1.0.9.tgz"
  dependencies:
    pixel-bg "^1.0.0"

pngjs@^2.2.0:
  version "2.3.1"
  resolved "https://registry.npmjs.org/pngjs/-/pngjs-2.3.1.tgz"

prgm-installed@^1.0.1:
  version "1.0.11"
  resolved "https://registry.npmjs.org/prgm-installed/-/prgm-installed-1.0.11.tgz"
  dependencies:
    which "^1.2.4"

process-nextick-args@~2.0.0:
  version "2.0.1"
  resolved "https://registry.npmjs.org/process-nextick-args/-/process-nextick-args-2.0.1.tgz"

progress@^2.0.1:
  version "2.0.3"
  resolved "https://registry.npmjs.org/progress/-/progress-2.0.3.tgz"

promise@^7.0.1:
  version "7.3.1"
  resolved "https://registry.npmjs.org/promise/-/promise-7.3.1.tgz"
  dependencies:
    asap "~2.0.3"

protocols@^1.1.0, protocols@^1.4.0:
  version "1.4.8"
  resolved "https://registry.npmjs.org/protocols/-/protocols-1.4.8.tgz"

proxy-addr@~2.0.7:
  version "2.0.7"
  resolved "https://registry.yarnpkg.com/proxy-addr/-/proxy-addr-2.0.7.tgz#f19fe69ceab311eeb94b42e70e8c2070f9ba1025"
  dependencies:
    forwarded "0.2.0"
    ipaddr.js "1.9.1"

proxy-from-env@^1.0.0:
  version "1.0.0"
  resolved "https://registry.npmjs.org/proxy-from-env/-/proxy-from-env-1.0.0.tgz"

pseudomap@^1.0.2:
  version "1.0.2"
  resolved "https://registry.npmjs.org/pseudomap/-/pseudomap-1.0.2.tgz"

pug-attrs@^2.0.3:
  version "2.0.3"
  resolved "https://registry.npmjs.org/pug-attrs/-/pug-attrs-2.0.3.tgz"
  dependencies:
    constantinople "^3.0.1"
    js-stringify "^1.0.1"
    pug-runtime "^2.0.4"

pug-code-gen@^2.0.1:
  version "2.0.1"
  resolved "https://registry.npmjs.org/pug-code-gen/-/pug-code-gen-2.0.1.tgz"
  dependencies:
    constantinople "^3.0.1"
    doctypes "^1.1.0"
    js-stringify "^1.0.1"
    pug-attrs "^2.0.3"
    pug-error "^1.3.2"
    pug-runtime "^2.0.4"
    void-elements "^2.0.1"
    with "^5.0.0"

pug-error@^1.3.2:
  version "1.3.2"
  resolved "https://registry.npmjs.org/pug-error/-/pug-error-1.3.2.tgz"

pug-filters@^3.1.0:
  version "3.1.0"
  resolved "https://registry.npmjs.org/pug-filters/-/pug-filters-3.1.0.tgz"
  dependencies:
    clean-css "^4.1.11"
    constantinople "^3.0.1"
    jstransformer "1.0.0"
    pug-error "^1.3.2"
    pug-walk "^1.1.7"
    resolve "^1.1.6"
    uglify-js "^2.6.1"

pug-lexer@^4.0.0:
  version "4.0.0"
  resolved "https://registry.npmjs.org/pug-lexer/-/pug-lexer-4.0.0.tgz"
  dependencies:
    character-parser "^2.1.1"
    is-expression "^3.0.0"
    pug-error "^1.3.2"

pug-linker@^3.0.5:
  version "3.0.5"
  resolved "https://registry.npmjs.org/pug-linker/-/pug-linker-3.0.5.tgz"
  dependencies:
    pug-error "^1.3.2"
    pug-walk "^1.1.7"

pug-load@^2.0.11:
  version "2.0.11"
  resolved "https://registry.npmjs.org/pug-load/-/pug-load-2.0.11.tgz"
  dependencies:
    object-assign "^4.1.0"
    pug-walk "^1.1.7"

pug-parser@^5.0.0:
  version "5.0.0"
  resolved "https://registry.npmjs.org/pug-parser/-/pug-parser-5.0.0.tgz"
  dependencies:
    pug-error "^1.3.2"
    token-stream "0.0.1"

pug-runtime@^2.0.4:
  version "2.0.4"
  resolved "https://registry.npmjs.org/pug-runtime/-/pug-runtime-2.0.4.tgz"

pug-strip-comments@^1.0.3:
  version "1.0.3"
  resolved "https://registry.npmjs.org/pug-strip-comments/-/pug-strip-comments-1.0.3.tgz"
  dependencies:
    pug-error "^1.3.2"

pug-walk@^1.1.7:
  version "1.1.7"
  resolved "https://registry.npmjs.org/pug-walk/-/pug-walk-1.1.7.tgz"

pug@^2.0.3:
  version "2.0.3"
  resolved "https://registry.npmjs.org/pug/-/pug-2.0.3.tgz"
  dependencies:
    pug-code-gen "^2.0.1"
    pug-filters "^3.1.0"
    pug-lexer "^4.0.0"
    pug-linker "^3.0.5"
    pug-load "^2.0.11"
    pug-parser "^5.0.0"
    pug-runtime "^2.0.4"
    pug-strip-comments "^1.0.3"

puppeteer-core@1.18.1:
  version "1.18.1"
  resolved "https://registry.npmjs.org/puppeteer-core/-/puppeteer-core-1.18.1.tgz"
  dependencies:
    debug "^4.1.0"
    extract-zip "^1.6.6"
    https-proxy-agent "^2.2.1"
    mime "^2.0.3"
    progress "^2.0.1"
    proxy-from-env "^1.0.0"
    rimraf "^2.6.1"
    ws "^6.1.0"

puppeteer@^1.19.0:
  version "1.19.0"
  resolved "https://registry.npmjs.org/puppeteer/-/puppeteer-1.19.0.tgz"
  dependencies:
    debug "^4.1.0"
    extract-zip "^1.6.6"
    https-proxy-agent "^2.2.1"
    mime "^2.0.3"
    progress "^2.0.1"
    proxy-from-env "^1.0.0"
    rimraf "^2.6.1"
    ws "^6.1.0"

qs@6.11.0:
  version "6.11.0"
  resolved "https://registry.yarnpkg.com/qs/-/qs-6.11.0.tgz#fd0d963446f7a65e1367e01abd85429453f0c37a"
  dependencies:
    side-channel "^1.0.4"

range-parser@~1.2.1:
  version "1.2.1"
  resolved "https://registry.yarnpkg.com/range-parser/-/range-parser-1.2.1.tgz#3cf37023d199e1c24d1a55b84800c2f3e6468031"

raw-body@2.5.1:
  version "2.5.1"
  resolved "https://registry.yarnpkg.com/raw-body/-/raw-body-2.5.1.tgz#fe1b1628b181b700215e5fd42389f98b71392857"
  dependencies:
    bytes "3.1.2"
    http-errors "2.0.0"
    iconv-lite "0.4.24"
    unpipe "1.0.0"

readable-stream@^2.2.2:
  version "2.3.6"
  resolved "https://registry.npmjs.org/readable-stream/-/readable-stream-2.3.6.tgz"
  dependencies:
    core-util-is "~1.0.0"
    inherits "~2.0.3"
    isarray "~1.0.0"
    process-nextick-args "~2.0.0"
    safe-buffer "~5.1.1"
    string_decoder "~1.1.1"
    util-deprecate "~1.0.1"

regenerator-runtime@^0.11.0:
  version "0.11.1"
  resolved "https://registry.npmjs.org/regenerator-runtime/-/regenerator-runtime-0.11.1.tgz"

repeat-string@^1.5.2:
  version "1.6.1"
  resolved "https://registry.npmjs.org/repeat-string/-/repeat-string-1.6.1.tgz"

resolve@^1.1.6:
  version "1.10.0"
  resolved "https://registry.npmjs.org/resolve/-/resolve-1.10.0.tgz"
  dependencies:
    path-parse "^1.0.6"

right-align@^0.1.1:
  version "0.1.3"
  resolved "https://registry.npmjs.org/right-align/-/right-align-0.1.3.tgz"
  dependencies:
    align-text "^0.1.1"

rimraf@^2.6.1:
  version "2.7.1"
  resolved "https://registry.npmjs.org/rimraf/-/rimraf-2.7.1.tgz"
  dependencies:
    glob "^7.1.3"

safe-buffer@5.2.1:
  version "5.2.1"
  resolved "https://registry.yarnpkg.com/safe-buffer/-/safe-buffer-5.2.1.tgz#1eaf9fa9bdb1fdd4ec75f58f9cdb4e6b7827eec6"

safe-buffer@~5.1.0, safe-buffer@~5.1.1:
  version "5.1.2"
  resolved "https://registry.npmjs.org/safe-buffer/-/safe-buffer-5.1.2.tgz"

"safer-buffer@>= 2.1.2 < 3":
  version "2.1.2"
  resolved "https://registry.npmjs.org/safer-buffer/-/safer-buffer-2.1.2.tgz"

same-time@^2.3.1:
  version "2.3.5"
  resolved "https://registry.npmjs.org/same-time/-/same-time-2.3.5.tgz"
  dependencies:
    deffy "2.0.0"

send@0.18.0:
  version "0.18.0"
  resolved "https://registry.yarnpkg.com/send/-/send-0.18.0.tgz#670167cc654b05f5aa4a767f9113bb371bc706be"
  dependencies:
    debug "2.6.9"
    depd "2.0.0"
    destroy "1.2.0"
    encodeurl "~1.0.2"
    escape-html "~1.0.3"
    etag "~1.8.1"
    fresh "0.5.2"
    http-errors "2.0.0"
    mime "1.6.0"
    ms "2.1.3"
    on-finished "2.4.1"
    range-parser "~1.2.1"
    statuses "2.0.1"

serve-static@1.15.0:
  version "1.15.0"
  resolved "https://registry.yarnpkg.com/serve-static/-/serve-static-1.15.0.tgz#faaef08cffe0a1a62f60cad0c4e513cff0ac9540"
  dependencies:
    encodeurl "~1.0.2"
    escape-html "~1.0.3"
    parseurl "~1.3.3"
    send "0.18.0"

setprototypeof@1.2.0:
  version "1.2.0"
  resolved "https://registry.yarnpkg.com/setprototypeof/-/setprototypeof-1.2.0.tgz#66c9a24a73f9fc28cbe66b09fed3d33dcaf1b424"

side-channel@^1.0.4:
  version "1.0.4"
  resolved "https://registry.yarnpkg.com/side-channel/-/side-channel-1.0.4.tgz#efce5c8fdc104ee751b25c58d4290011fa5ea2cf"
  dependencies:
    call-bind "^1.0.0"
    get-intrinsic "^1.0.2"
    object-inspect "^1.9.0"

sliced@^1.0.1:
  version "1.0.1"
  resolved "https://registry.npmjs.org/sliced/-/sliced-1.0.1.tgz"

source-map@~0.5.1:
  version "0.5.7"
  resolved "https://registry.npmjs.org/source-map/-/source-map-0.5.7.tgz"

source-map@~0.6.0:
  version "0.6.1"
  resolved "https://registry.npmjs.org/source-map/-/source-map-0.6.1.tgz"

statuses@2.0.1:
  version "2.0.1"
  resolved "https://registry.yarnpkg.com/statuses/-/statuses-2.0.1.tgz#55cb000ccf1d48728bd23c685a063998cf1a1b63"

string_decoder@~1.1.1:
  version "1.1.1"
  resolved "https://registry.npmjs.org/string_decoder/-/string_decoder-1.1.1.tgz"
  dependencies:
    safe-buffer "~5.1.0"

supports-color@^3.1.2:
  version "3.2.3"
  resolved "https://registry.npmjs.org/supports-color/-/supports-color-3.2.3.tgz"
  dependencies:
    has-flag "^1.0.0"

terminal-char-width@^1.0.0:
  version "1.0.10"
  resolved "https://registry.npmjs.org/terminal-char-width/-/terminal-char-width-1.0.10.tgz"
  dependencies:
    is-windows "^0.1.1"

tinyreq@^3.1.4:
  version "3.4.2"
  resolved "https://registry.npmjs.org/tinyreq/-/tinyreq-3.4.2.tgz"
  dependencies:
    assured "^1.0.12"
    follow-redirects "^1.4.1"
    noop6 "^1.0.7"
    ul "^5.2.13"

to-fast-properties@^1.0.3:
  version "1.0.3"
  resolved "https://registry.npmjs.org/to-fast-properties/-/to-fast-properties-1.0.3.tgz"

toidentifier@1.0.1:
  version "1.0.1"
  resolved "https://registry.yarnpkg.com/toidentifier/-/toidentifier-1.0.1.tgz#3be34321a88a820ed1bd80dfaa33e479fbb8dd35"

token-stream@0.0.1:
  version "0.0.1"
  resolved "https://registry.npmjs.org/token-stream/-/token-stream-0.0.1.tgz"

type-is@~1.6.18:
  version "1.6.18"
  resolved "https://registry.yarnpkg.com/type-is/-/type-is-1.6.18.tgz#4e552cd05df09467dcbc4ef739de89f2cf37c131"
  dependencies:
    media-typer "0.3.0"
    mime-types "~2.1.24"

typedarray@^0.0.6:
  version "0.0.6"
  resolved "https://registry.npmjs.org/typedarray/-/typedarray-0.0.6.tgz"

typpy@^2.0.0, typpy@^2.2.0, typpy@^2.3.1, typpy@^2.3.4:
  version "2.3.13"
  resolved "https://registry.npmjs.org/typpy/-/typpy-2.3.13.tgz"
  dependencies:
    function.name "^1.0.3"

uglify-js@^2.6.1:
  version "2.8.29"
  resolved "https://registry.npmjs.org/uglify-js/-/uglify-js-2.8.29.tgz"
  dependencies:
    source-map "~0.5.1"
    yargs "~3.10.0"
  optionalDependencies:
    uglify-to-browserify "~1.0.0"

uglify-to-browserify@~1.0.0:
  version "1.0.2"
  resolved "https://registry.npmjs.org/uglify-to-browserify/-/uglify-to-browserify-1.0.2.tgz"

ul@^5.2.1, ul@^5.2.13:
  version "5.2.15"
  resolved "https://registry.npmjs.org/ul/-/ul-5.2.15.tgz"
  dependencies:
    deffy "^2.2.2"
    typpy "^2.3.4"

unpipe@1.0.0, unpipe@~1.0.0:
  version "1.0.0"
  resolved "https://registry.npmjs.org/unpipe/-/unpipe-1.0.0.tgz"

url-local@^1.0.1:
  version "1.1.9"
  resolved "https://registry.npmjs.org/url-local/-/url-local-1.1.9.tgz"
  dependencies:
    parse-url "^1.3.0"

url-remote@^1.1.0:
  version "1.1.9"
  resolved "https://registry.npmjs.org/url-remote/-/url-remote-1.1.9.tgz"
  dependencies:
    url-local "^1.0.1"

util-deprecate@~1.0.1:
  version "1.0.2"
  resolved "https://registry.npmjs.org/util-deprecate/-/util-deprecate-1.0.2.tgz"

utils-merge@1.0.1:
  version "1.0.1"
  resolved "https://registry.npmjs.org/utils-merge/-/utils-merge-1.0.1.tgz"

validator@^10.4.0:
  version "10.11.0"
  resolved "https://registry.npmjs.org/validator/-/validator-10.11.0.tgz"

vary@^1, vary@~1.1.2:
  version "1.1.2"
  resolved "https://registry.npmjs.org/vary/-/vary-1.1.2.tgz"

void-elements@^2.0.1:
  version "2.0.1"
  resolved "https://registry.npmjs.org/void-elements/-/void-elements-2.0.1.tgz"

which@^1.2.4, which@^1.2.9:
  version "1.3.1"
  resolved "https://registry.npmjs.org/which/-/which-1.3.1.tgz"
  dependencies:
    isexe "^2.0.0"

window-size@0.1.0:
  version "0.1.0"
  resolved "https://registry.npmjs.org/window-size/-/window-size-0.1.0.tgz"

with@^5.0.0:
  version "5.1.1"
  resolved "https://registry.npmjs.org/with/-/with-5.1.1.tgz"
  dependencies:
    acorn "^3.1.0"
    acorn-globals "^3.0.0"

wolfy87-eventemitter@^5.2.6:
  version "5.2.6"
  resolved "https://registry.npmjs.org/wolfy87-eventemitter/-/wolfy87-eventemitter-5.2.6.tgz"

wordwrap@0.0.2:
  version "0.0.2"
  resolved "https://registry.npmjs.org/wordwrap/-/wordwrap-0.0.2.tgz"

wrappy@1:
  version "1.0.2"
  resolved "https://registry.npmjs.org/wrappy/-/wrappy-1.0.2.tgz"

ws@^6.1.0:
  version "6.2.1"
  resolved "https://registry.npmjs.org/ws/-/ws-6.2.1.tgz"
  dependencies:
    async-limiter "~1.0.0"

yallist@^2.1.2:
  version "2.1.2"
  resolved "https://registry.npmjs.org/yallist/-/yallist-2.1.2.tgz"

yargs@~3.10.0:
  version "3.10.0"
  resolved "https://registry.npmjs.org/yargs/-/yargs-3.10.0.tgz"
  dependencies:
    camelcase "^1.0.2"
    cliui "^2.1.0"
    decamelize "^1.0.0"
    window-size "0.1.0"

yauzl@2.4.1:
  version "2.4.1"
  resolved "https://registry.npmjs.org/yauzl/-/yauzl-2.4.1.tgz"
  dependencies:
    fd-slicer "~1.0.1"
